
Microsoft Visual Studio Solution File, Format Version 12.00
# Visual Studio 14
VisualStudioVersion = 14.0.25420.1
MinimumVisualStudioVersion = 10.0.40219.1
Project("{FAE04EC0-301F-11D3-BF4B-00C04F79EFBC}") = "DomDocumentTest", "DomDocumentTest\DomDocumentTest.csproj", "{46DE7606-8150-4F2F-889B-C386D0740FD7}"
EndProject
Project("{FAE04EC0-301F-11D3-BF4B-00C04F79EFBC}") = "HTMLComposition", "HTMLComposition\HTMLComposition.csproj", "{9505F537-97E3-46AB-98BE-A3D7F1071D3F}"
EndProject
Global
	GlobalSection(SolutionConfigurationPlatforms) = preSolution
		Debug|Any CPU = Debug|Any CPU
		Release|Any CPU = Release|Any CPU
	EndGlobalSection
	GlobalSection(ProjectConfigurationPlatforms) = postSolution
		{46DE7606-8150-4F2F-889B-C386D0740FD7}.Debug|Any CPU.ActiveCfg = Debug|Any CPU
		{46DE7606-8150-4F2F-889B-C386D0740FD7}.Debug|Any CPU.Build.0 = Debug|Any CPU
		{46DE7606-8150-4F2F-889B-C386D0740FD7}.Release|Any CPU.ActiveCfg = Release|Any CPU
		{46DE7606-8150-4F2F-889B-C386D0740FD7}.Release|Any CPU.Build.0 = Release|Any CPU
		{9505F537-97E3-46AB-98BE-A3D7F1071D3F}.Debug|Any CPU.ActiveCfg = Debug|Any CPU
		{9505F537-97E3-46AB-98BE-A3D7F1071D3F}.Debug|Any CPU.Build.0 = Debug|Any CPU
		{9505F537-97E3-46AB-98BE-A3D7F1071D3F}.Release|Any CPU.ActiveCfg = Release|Any CPU
		{9505F537-97E3-46AB-98BE-A3D7F1071D3F}.Release|Any CPU.Build.0 = Release|Any CPU
	EndGlobalSection
	GlobalSection(SolutionProperties) = preSolution
		HideSolutionNode = FALSE
	EndGlobalSection
EndGlobal
